
Microsoft Visual Studio Solution File, Format Version 12.00
# Visual Studio Version 17
VisualStudioVersion = 17.5.33627.172
MinimumVisualStudioVersion = 10.0.40219.1
Project("{FAE04EC0-301F-11D3-BF4B-00C04F79EFBC}") = "Web", "Web\Web.csproj", "{DF7ED68E-D41D-4B52-BC15-F4B23DF54C48}"
EndProject
Project("{FAE04EC0-301F-11D3-BF4B-00C04F79EFBC}") = "Infraestructure", "Infraestructure\Infraestructure.csproj", "{70217343-F097-44D6-BBFA-B07D99D9672D}"
EndProject
Project("{FAE04EC0-301F-11D3-BF4B-00C04F79EFBC}") = "Application Core", "Application Core\Application Core.csproj", "{4069CDB6-2ACE-4D40-8EEB-61629ED3CE6A}"
EndProject
Global
	GlobalSection(SolutionConfigurationPlatforms) = preSolution
		Debug|Any CPU = Debug|Any CPU
		Release|Any CPU = Release|Any CPU
	EndGlobalSection
	GlobalSection(ProjectConfigurationPlatforms) = postSolution
		{DF7ED68E-D41D-4B52-BC15-F4B23DF54C48}.Debug|Any CPU.ActiveCfg = Debug|Any CPU
		{DF7ED68E-D41D-4B52-BC15-F4B23DF54C48}.Debug|Any CPU.Build.0 = Debug|Any CPU
		{DF7ED68E-D41D-4B52-BC15-F4B23DF54C48}.Release|Any CPU.ActiveCfg = Release|Any CPU
		{DF7ED68E-D41D-4B52-BC15-F4B23DF54C48}.Release|Any CPU.Build.0 = Release|Any CPU
		{70217343-F097-44D6-BBFA-B07D99D9672D}.Debug|Any CPU.ActiveCfg = Debug|Any CPU
		{70217343-F097-44D6-BBFA-B07D99D9672D}.Debug|Any CPU.Build.0 = Debug|Any CPU
		{70217343-F097-44D6-BBFA-B07D99D9672D}.Release|Any CPU.ActiveCfg = Release|Any CPU
		{70217343-F097-44D6-BBFA-B07D99D9672D}.Release|Any CPU.Build.0 = Release|Any CPU
		{4069CDB6-2ACE-4D40-8EEB-61629ED3CE6A}.Debug|Any CPU.ActiveCfg = Debug|Any CPU
		{4069CDB6-2ACE-4D40-8EEB-61629ED3CE6A}.Debug|Any CPU.Build.0 = Debug|Any CPU
		{4069CDB6-2ACE-4D40-8EEB-61629ED3CE6A}.Release|Any CPU.ActiveCfg = Release|Any CPU
		{4069CDB6-2ACE-4D40-8EEB-61629ED3CE6A}.Release|Any CPU.Build.0 = Release|Any CPU
	EndGlobalSection
	GlobalSection(SolutionProperties) = preSolution
		HideSolutionNode = FALSE
	EndGlobalSection
	GlobalSection(ExtensibilityGlobals) = postSolution
		SolutionGuid = {3A94EEE5-A7D4-4E02-AE6F-F51EAAFA2548}
	EndGlobalSection
EndGlobal
